// !$*UTF8*$!
{
	archiveVersion = 1;
	classes = {
	};
	objectVersion = 56;
	objects = {

/* Begin PBXBuildFile section */
		55EF38B22BD09EB400C683D1 /* 앱의_생명주기.swift in Sources */ = {isa = PBXBuildFile; fileRef = 55EF38B12BD09EB400C683D1 /* 앱의_생명주기.swift */; };
		55EF38B42BD0A17500C683D1 /* 메모리_해제는_언제_되는가.swift in Sources */ = {isa = PBXBuildFile; fileRef = 55EF38B32BD0A17500C683D1 /* 메모리_해제는_언제_되는가.swift */; };
		C3452D1B2BBC51E700BA21F7 /* AppDelegate.swift in Sources */ = {isa = PBXBuildFile; fileRef = C3452D1A2BBC51E700BA21F7 /* AppDelegate.swift */; };
		C3452D1D2BBC51E700BA21F7 /* SceneDelegate.swift in Sources */ = {isa = PBXBuildFile; fileRef = C3452D1C2BBC51E700BA21F7 /* SceneDelegate.swift */; };
		C3452D1F2BBC51E700BA21F7 /* ViewController.swift in Sources */ = {isa = PBXBuildFile; fileRef = C3452D1E2BBC51E700BA21F7 /* ViewController.swift */; };
		C3452D222BBC51E700BA21F7 /* Main.storyboard in Resources */ = {isa = PBXBuildFile; fileRef = C3452D202BBC51E700BA21F7 /* Main.storyboard */; };
		C3452D252BBC51E700BA21F7 /* Basic_Thing.xcdatamodeld in Sources */ = {isa = PBXBuildFile; fileRef = C3452D232BBC51E700BA21F7 /* Basic_Thing.xcdatamodeld */; };
		C3452D272BBC51E800BA21F7 /* Assets.xcassets in Resources */ = {isa = PBXBuildFile; fileRef = C3452D262BBC51E800BA21F7 /* Assets.xcassets */; };
		C3452D2A2BBC51E800BA21F7 /* LaunchScreen.storyboard in Resources */ = {isa = PBXBuildFile; fileRef = C3452D282BBC51E800BA21F7 /* LaunchScreen.storyboard */; };
		C3452D352BBC51E800BA21F7 /* Basic_ThingTests.swift in Sources */ = {isa = PBXBuildFile; fileRef = C3452D342BBC51E800BA21F7 /* Basic_ThingTests.swift */; };
		C3452D3F2BBC51E800BA21F7 /* Basic_ThingUITests.swift in Sources */ = {isa = PBXBuildFile; fileRef = C3452D3E2BBC51E800BA21F7 /* Basic_ThingUITests.swift */; };
		C3452D412BBC51E800BA21F7 /* Basic_ThingUITestsLaunchTests.swift in Sources */ = {isa = PBXBuildFile; fileRef = C3452D402BBC51E800BA21F7 /* Basic_ThingUITestsLaunchTests.swift */; };
		C3452D4E2BBC528600BA21F7 /* 클래스와구조체.swift in Sources */ = {isa = PBXBuildFile; fileRef = C3452D4D2BBC528600BA21F7 /* 클래스와구조체.swift */; };
/* End PBXBuildFile section */

/* Begin PBXContainerItemProxy section */
		C3452D312BBC51E800BA21F7 /* PBXContainerItemProxy */ = {
			isa = PBXContainerItemProxy;
			containerPortal = C3452D0F2BBC51E700BA21F7 /* Project object */;
			proxyType = 1;
			remoteGlobalIDString = C3452D162BBC51E700BA21F7;
			remoteInfo = Basic_Thing;
		};
		C3452D3B2BBC51E800BA21F7 /* PBXContainerItemProxy */ = {
			isa = PBXContainerItemProxy;
			containerPortal = C3452D0F2BBC51E700BA21F7 /* Project object */;
			proxyType = 1;
			remoteGlobalIDString = C3452D162BBC51E700BA21F7;
			remoteInfo = Basic_Thing;
		};
/* End PBXContainerItemProxy section */

/* Begin PBXFileReference section */
		55EF38B12BD09EB400C683D1 /* 앱의_생명주기.swift */ = {isa = PBXFileReference; lastKnownFileType = sourcecode.swift; path = "앱의_생명주기.swift"; sourceTree = "<group>"; };
		55EF38B32BD0A17500C683D1 /* 메모리_해제는_언제_되는가.swift */ = {isa = PBXFileReference; lastKnownFileType = sourcecode.swift; path = "메모리_해제는_언제_되는가.swift"; sourceTree = "<group>"; };
		C3452D172BBC51E700BA21F7 /* Basic_Thing.app */ = {isa = PBXFileReference; explicitFileType = wrapper.application; includeInIndex = 0; path = Basic_Thing.app; sourceTree = BUILT_PRODUCTS_DIR; };
		C3452D1A2BBC51E700BA21F7 /* AppDelegate.swift */ = {isa = PBXFileReference; lastKnownFileType = sourcecode.swift; path = AppDelegate.swift; sourceTree = "<group>"; };
		C3452D1C2BBC51E700BA21F7 /* SceneDelegate.swift */ = {isa = PBXFileReference; lastKnownFileType = sourcecode.swift; path = SceneDelegate.swift; sourceTree = "<group>"; };
		C3452D1E2BBC51E700BA21F7 /* ViewController.swift */ = {isa = PBXFileReference; lastKnownFileType = sourcecode.swift; path = ViewController.swift; sourceTree = "<group>"; };
		C3452D212BBC51E700BA21F7 /* Base */ = {isa = PBXFileReference; lastKnownFileType = file.storyboard; name = Base; path = Base.lproj/Main.storyboard; sourceTree = "<group>"; };
		C3452D242BBC51E700BA21F7 /* Basic_Thing.xcdatamodel */ = {isa = PBXFileReference; lastKnownFileType = wrapper.xcdatamodel; path = Basic_Thing.xcdatamodel; sourceTree = "<group>"; };
		C3452D262BBC51E800BA21F7 /* Assets.xcassets */ = {isa = PBXFileReference; lastKnownFileType = folder.assetcatalog; path = Assets.xcassets; sourceTree = "<group>"; };
		C3452D292BBC51E800BA21F7 /* Base */ = {isa = PBXFileReference; lastKnownFileType = file.storyboard; name = Base; path = Base.lproj/LaunchScreen.storyboard; sourceTree = "<group>"; };
		C3452D2B2BBC51E800BA21F7 /* Info.plist */ = {isa = PBXFileReference; lastKnownFileType = text.plist.xml; path = Info.plist; sourceTree = "<group>"; };
		C3452D302BBC51E800BA21F7 /* Basic_ThingTests.xctest */ = {isa = PBXFileReference; explicitFileType = wrapper.cfbundle; includeInIndex = 0; path = Basic_ThingTests.xctest; sourceTree = BUILT_PRODUCTS_DIR; };
		C3452D342BBC51E800BA21F7 /* Basic_ThingTests.swift */ = {isa = PBXFileReference; lastKnownFileType = sourcecode.swift; path = Basic_ThingTests.swift; sourceTree = "<group>"; };
		C3452D3A2BBC51E800BA21F7 /* Basic_ThingUITests.xctest */ = {isa = PBXFileReference; explicitFileType = wrapper.cfbundle; includeInIndex = 0; path = Basic_ThingUITests.xctest; sourceTree = BUILT_PRODUCTS_DIR; };
		C3452D3E2BBC51E800BA21F7 /* Basic_ThingUITests.swift */ = {isa = PBXFileReference; lastKnownFileType = sourcecode.swift; path = Basic_ThingUITests.swift; sourceTree = "<group>"; };
		C3452D402BBC51E800BA21F7 /* Basic_ThingUITestsLaunchTests.swift */ = {isa = PBXFileReference; lastKnownFileType = sourcecode.swift; path = Basic_ThingUITestsLaunchTests.swift; sourceTree = "<group>"; };
		C3452D4D2BBC528600BA21F7 /* 클래스와구조체.swift */ = {isa = PBXFileReference; lastKnownFileType = sourcecode.swift; path = "클래스와구조체.swift"; sourceTree = "<group>"; };
/* End PBXFileReference section */

/* Begin PBXFrameworksBuildPhase section */
		C3452D142BBC51E700BA21F7 /* Frameworks */ = {
			isa = PBXFrameworksBuildPhase;
			buildActionMask = 2147483647;
			files = (
			);
			runOnlyForDeploymentPostprocessing = 0;
		};
		C3452D2D2BBC51E800BA21F7 /* Frameworks */ = {
			isa = PBXFrameworksBuildPhase;
			buildActionMask = 2147483647;
			files = (
			);
			runOnlyForDeploymentPostprocessing = 0;
		};
		C3452D372BBC51E800BA21F7 /* Frameworks */ = {
			isa = PBXFrameworksBuildPhase;
			buildActionMask = 2147483647;
			files = (
			);
			runOnlyForDeploymentPostprocessing = 0;
		};
/* End PBXFrameworksBuildPhase section */

/* Begin PBXGroup section */
		C3452D0E2BBC51E700BA21F7 = {
			isa = PBXGroup;
			children = (
				C3452D192BBC51E700BA21F7 /* Basic_Thing */,
				C3452D332BBC51E800BA21F7 /* Basic_ThingTests */,
				C3452D3D2BBC51E800BA21F7 /* Basic_ThingUITests */,
				C3452D182BBC51E700BA21F7 /* Products */,
			);
			sourceTree = "<group>";
		};
		C3452D182BBC51E700BA21F7 /* Products */ = {
			isa = PBXGroup;
			children = (
				C3452D172BBC51E700BA21F7 /* Basic_Thing.app */,
				C3452D302BBC51E800BA21F7 /* Basic_ThingTests.xctest */,
				C3452D3A2BBC51E800BA21F7 /* Basic_ThingUITests.xctest */,
			);
			name = Products;
			sourceTree = "<group>";
		};
		C3452D192BBC51E700BA21F7 /* Basic_Thing */ = {
			isa = PBXGroup;
			children = (
				C3452D1A2BBC51E700BA21F7 /* AppDelegate.swift */,
				C3452D1C2BBC51E700BA21F7 /* SceneDelegate.swift */,
				C3452D1E2BBC51E700BA21F7 /* ViewController.swift */,
				C3452D202BBC51E700BA21F7 /* Main.storyboard */,
				C3452D262BBC51E800BA21F7 /* Assets.xcassets */,
				C3452D282BBC51E800BA21F7 /* LaunchScreen.storyboard */,
				C3452D2B2BBC51E800BA21F7 /* Info.plist */,
				C3452D232BBC51E700BA21F7 /* Basic_Thing.xcdatamodeld */,
				C3452D4D2BBC528600BA21F7 /* 클래스와구조체.swift */,
				55EF38B12BD09EB400C683D1 /* 앱의_생명주기.swift */,
				55EF38B32BD0A17500C683D1 /* 메모리_해제는_언제_되는가.swift */,
			);
			path = Basic_Thing;
			sourceTree = "<group>";
		};
		C3452D332BBC51E800BA21F7 /* Basic_ThingTests */ = {
			isa = PBXGroup;
			children = (
				C3452D342BBC51E800BA21F7 /* Basic_ThingTests.swift */,
			);
			path = Basic_ThingTests;
			sourceTree = "<group>";
		};
		C3452D3D2BBC51E800BA21F7 /* Basic_ThingUITests */ = {
			isa = PBXGroup;
			children = (
				C3452D3E2BBC51E800BA21F7 /* Basic_ThingUITests.swift */,
				C3452D402BBC51E800BA21F7 /* Basic_ThingUITestsLaunchTests.swift */,
			);
			path = Basic_ThingUITests;
			sourceTree = "<group>";
		};
/* End PBXGroup section */

/* Begin PBXNativeTarget section */
		C3452D162BBC51E700BA21F7 /* Basic_Thing */ = {
			isa = PBXNativeTarget;
			buildConfigurationList = C3452D442BBC51E800BA21F7 /* Build configuration list for PBXNativeTarget "Basic_Thing" */;
			buildPhases = (
				C3452D132BBC51E700BA21F7 /* Sources */,
				C3452D142BBC51E700BA21F7 /* Frameworks */,
				C3452D152BBC51E700BA21F7 /* Resources */,
			);
			buildRules = (
			);
			dependencies = (
			);
			name = Basic_Thing;
			productName = Basic_Thing;
			productReference = C3452D172BBC51E700BA21F7 /* Basic_Thing.app */;
			productType = "com.apple.product-type.application";
		};
		C3452D2F2BBC51E800BA21F7 /* Basic_ThingTests */ = {
			isa = PBXNativeTarget;
			buildConfigurationList = C3452D472BBC51E800BA21F7 /* Build configuration list for PBXNativeTarget "Basic_ThingTests" */;
			buildPhases = (
				C3452D2C2BBC51E800BA21F7 /* Sources */,
				C3452D2D2BBC51E800BA21F7 /* Frameworks */,
				C3452D2E2BBC51E800BA21F7 /* Resources */,
			);
			buildRules = (
			);
			dependencies = (
				C3452D322BBC51E800BA21F7 /* PBXTargetDependency */,
			);
			name = Basic_ThingTests;
			productName = Basic_ThingTests;
			productReference = C3452D302BBC51E800BA21F7 /* Basic_ThingTests.xctest */;
			productType = "com.apple.product-type.bundle.unit-test";
		};
		C3452D392BBC51E800BA21F7 /* Basic_ThingUITests */ = {
			isa = PBXNativeTarget;
			buildConfigurationList = C3452D4A2BBC51E800BA21F7 /* Build configuration list for PBXNativeTarget "Basic_ThingUITests" */;
			buildPhases = (
				C3452D362BBC51E800BA21F7 /* Sources */,
				C3452D372BBC51E800BA21F7 /* Frameworks */,
				C3452D382BBC51E800BA21F7 /* Resources */,
			);
			buildRules = (
			);
			dependencies = (
				C3452D3C2BBC51E800BA21F7 /* PBXTargetDependency */,
			);
			name = Basic_ThingUITests;
			productName = Basic_ThingUITests;
			productReference = C3452D3A2BBC51E800BA21F7 /* Basic_ThingUITests.xctest */;
			productType = "com.apple.product-type.bundle.ui-testing";
		};
/* End PBXNativeTarget section */

/* Begin PBXProject section */
		C3452D0F2BBC51E700BA21F7 /* Project object */ = {
			isa = PBXProject;
			attributes = {
				BuildIndependentTargetsInParallel = 1;
				LastSwiftUpdateCheck = 1510;
				LastUpgradeCheck = 1510;
				TargetAttributes = {
					C3452D162BBC51E700BA21F7 = {
						CreatedOnToolsVersion = 15.1;
					};
					C3452D2F2BBC51E800BA21F7 = {
						CreatedOnToolsVersion = 15.1;
						TestTargetID = C3452D162BBC51E700BA21F7;
					};
					C3452D392BBC51E800BA21F7 = {
						CreatedOnToolsVersion = 15.1;
						TestTargetID = C3452D162BBC51E700BA21F7;
					};
				};
			};
			buildConfigurationList = C3452D122BBC51E700BA21F7 /* Build configuration list for PBXProject "Basic_Thing" */;
			compatibilityVersion = "Xcode 14.0";
			developmentRegion = en;
			hasScannedForEncodings = 0;
			knownRegions = (
				en,
				Base,
			);
			mainGroup = C3452D0E2BBC51E700BA21F7;
			productRefGroup = C3452D182BBC51E700BA21F7 /* Products */;
			projectDirPath = "";
			projectRoot = "";
			targets = (
				C3452D162BBC51E700BA21F7 /* Basic_Thing */,
				C3452D2F2BBC51E800BA21F7 /* Basic_ThingTests */,
				C3452D392BBC51E800BA21F7 /* Basic_ThingUITests */,
			);
		};
/* End PBXProject section */

/* Begin PBXResourcesBuildPhase section */
		C3452D152BBC51E700BA21F7 /* Resources */ = {
			isa = PBXResourcesBuildPhase;
			buildActionMask = 2147483647;
			files = (
				C3452D2A2BBC51E800BA21F7 /* LaunchScreen.storyboard in Resources */,
				C3452D272BBC51E800BA21F7 /* Assets.xcassets in Resources */,
				C3452D222BBC51E700BA21F7 /* Main.storyboard in Resources */,
			);
			runOnlyForDeploymentPostprocessing = 0;
		};
		C3452D2E2BBC51E800BA21F7 /* Resources */ = {
			isa = PBXResourcesBuildPhase;
			buildActionMask = 2147483647;
			files = (
			);
			runOnlyForDeploymentPostprocessing = 0;
		};
		C3452D382BBC51E800BA21F7 /* Resources */ = {
			isa = PBXResourcesBuildPhase;
			buildActionMask = 2147483647;
			files = (
			);
			runOnlyForDeploymentPostprocessing = 0;
		};
/* End PBXResourcesBuildPhase section */

/* Begin PBXSourcesBuildPhase section */
		C3452D132BBC51E700BA21F7 /* Sources */ = {
			isa = PBXSourcesBuildPhase;
			buildActionMask = 2147483647;
			files = (
				55EF38B42BD0A17500C683D1 /* 메모리_해제는_언제_되는가.swift in Sources */,
				C3452D1F2BBC51E700BA21F7 /* ViewController.swift in Sources */,
				55EF38B22BD09EB400C683D1 /* 앱의_생명주기.swift in Sources */,
				C3452D1B2BBC51E700BA21F7 /* AppDelegate.swift in Sources */,
				C3452D1D2BBC51E700BA21F7 /* SceneDelegate.swift in Sources */,
				C3452D4E2BBC528600BA21F7 /* 클래스와구조체.swift in Sources */,
				C3452D252BBC51E700BA21F7 /* Basic_Thing.xcdatamodeld in Sources */,
			);
			runOnlyForDeploymentPostprocessing = 0;
		};
		C3452D2C2BBC51E800BA21F7 /* Sources */ = {
			isa = PBXSourcesBuildPhase;
			buildActionMask = 2147483647;
			files = (
				C3452D352BBC51E800BA21F7 /* Basic_ThingTests.swift in Sources */,
			);
			runOnlyForDeploymentPostprocessing = 0;
		};
		C3452D362BBC51E800BA21F7 /* Sources */ = {
			isa = PBXSourcesBuildPhase;
			buildActionMask = 2147483647;
			files = (
				C3452D412BBC51E800BA21F7 /* Basic_ThingUITestsLaunchTests.swift in Sources */,
				C3452D3F2BBC51E800BA21F7 /* Basic_ThingUITests.swift in Sources */,
			);
			runOnlyForDeploymentPostprocessing = 0;
		};
/* End PBXSourcesBuildPhase section */

/* Begin PBXTargetDependency section */
		C3452D322BBC51E800BA21F7 /* PBXTargetDependency */ = {
			isa = PBXTargetDependency;
			target = C3452D162BBC51E700BA21F7 /* Basic_Thing */;
			targetProxy = C3452D312BBC51E800BA21F7 /* PBXContainerItemProxy */;
		};
		C3452D3C2BBC51E800BA21F7 /* PBXTargetDependency */ = {
			isa = PBXTargetDependency;
			target = C3452D162BBC51E700BA21F7 /* Basic_Thing */;
			targetProxy = C3452D3B2BBC51E800BA21F7 /* PBXContainerItemProxy */;
		};
/* End PBXTargetDependency section */

/* Begin PBXVariantGroup section */
		C3452D202BBC51E700BA21F7 /* Main.storyboard */ = {
			isa = PBXVariantGroup;
			children = (
				C3452D212BBC51E700BA21F7 /* Base */,
			);
			name = Main.storyboard;
			sourceTree = "<group>";
		};
		C3452D282BBC51E800BA21F7 /* LaunchScreen.storyboard */ = {
			isa = PBXVariantGroup;
			children = (
				C3452D292BBC51E800BA21F7 /* Base */,
			);
			name = LaunchScreen.storyboard;
			sourceTree = "<group>";
		};
/* End PBXVariantGroup section */

/* Begin XCBuildConfiguration section */
		C3452D422BBC51E800BA21F7 /* Debug */ = {
			isa = XCBuildConfiguration;
			buildSettings = {
				ALWAYS_SEARCH_USER_PATHS = NO;
				ASSETCATALOG_COMPILER_GENERATE_SWIFT_ASSET_SYMBOL_EXTENSIONS = YES;
				CLANG_ANALYZER_NONNULL = YES;
				CLANG_ANALYZER_NUMBER_OBJECT_CONVERSION = YES_AGGRESSIVE;
				CLANG_CXX_LANGUAGE_STANDARD = "gnu++20";
				CLANG_ENABLE_MODULES = YES;
				CLANG_ENABLE_OBJC_ARC = YES;
				CLANG_ENABLE_OBJC_WEAK = YES;
				CLANG_WARN_BLOCK_CAPTURE_AUTORELEASING = YES;
				CLANG_WARN_BOOL_CONVERSION = YES;
				CLANG_WARN_COMMA = YES;
				CLANG_WARN_CONSTANT_CONVERSION = YES;
				CLANG_WARN_DEPRECATED_OBJC_IMPLEMENTATIONS = YES;
				CLANG_WARN_DIRECT_OBJC_ISA_USAGE = YES_ERROR;
				CLANG_WARN_DOCUMENTATION_COMMENTS = YES;
				CLANG_WARN_EMPTY_BODY = YES;
				CLANG_WARN_ENUM_CONVERSION = YES;
				CLANG_WARN_INFINITE_RECURSION = YES;
				CLANG_WARN_INT_CONVERSION = YES;
				CLANG_WARN_NON_LITERAL_NULL_CONVERSION = YES;
				CLANG_WARN_OBJC_IMPLICIT_RETAIN_SELF = YES;
				CLANG_WARN_OBJC_LITERAL_CONVERSION = YES;
				CLANG_WARN_OBJC_ROOT_CLASS = YES_ERROR;
				CLANG_WARN_QUOTED_INCLUDE_IN_FRAMEWORK_HEADER = YES;
				CLANG_WARN_RANGE_LOOP_ANALYSIS = YES;
				CLANG_WARN_STRICT_PROTOTYPES = YES;
				CLANG_WARN_SUSPICIOUS_MOVE = YES;
				CLANG_WARN_UNGUARDED_AVAILABILITY = YES_AGGRESSIVE;
				CLANG_WARN_UNREACHABLE_CODE = YES;
				CLANG_WARN__DUPLICATE_METHOD_MATCH = YES;
				COPY_PHASE_STRIP = NO;
				DEBUG_INFORMATION_FORMAT = dwarf;
				ENABLE_STRICT_OBJC_MSGSEND = YES;
				ENABLE_TESTABILITY = YES;
				ENABLE_USER_SCRIPT_SANDBOXING = YES;
				GCC_C_LANGUAGE_STANDARD = gnu17;
				GCC_DYNAMIC_NO_PIC = NO;
				GCC_NO_COMMON_BLOCKS = YES;
				GCC_OPTIMIZATION_LEVEL = 0;
				GCC_PREPROCESSOR_DEFINITIONS = (
					"DEBUG=1",
					"$(inherited)",
				);
				GCC_WARN_64_TO_32_BIT_CONVERSION = YES;
				GCC_WARN_ABOUT_RETURN_TYPE = YES_ERROR;
				GCC_WARN_UNDECLARED_SELECTOR = YES;
				GCC_WARN_UNINITIALIZED_AUTOS = YES_AGGRESSIVE;
				GCC_WARN_UNUSED_FUNCTION = YES;
				GCC_WARN_UNUSED_VARIABLE = YES;
				IPHONEOS_DEPLOYMENT_TARGET = 17.2;
				LOCALIZATION_PREFERS_STRING_CATALOGS = YES;
				MTL_ENABLE_DEBUG_INFO = INCLUDE_SOURCE;
				MTL_FAST_MATH = YES;
				ONLY_ACTIVE_ARCH = YES;
				SDKROOT = iphoneos;
				SWIFT_ACTIVE_COMPILATION_CONDITIONS = "DEBUG $(inherited)";
				SWIFT_OPTIMIZATION_LEVEL = "-Onone";
			};
			name = Debug;
		};
		C3452D432BBC51E800BA21F7 /* Release */ = {
			isa = XCBuildConfiguration;
			buildSettings = {
				ALWAYS_SEARCH_USER_PATHS = NO;
				ASSETCATALOG_COMPILER_GENERATE_SWIFT_ASSET_SYMBOL_EXTENSIONS = YES;
				CLANG_ANALYZER_NONNULL = YES;
				CLANG_ANALYZER_NUMBER_OBJECT_CONVERSION = YES_AGGRESSIVE;
				CLANG_CXX_LANGUAGE_STANDARD = "gnu++20";
				CLANG_ENABLE_MODULES = YES;
				CLANG_ENABLE_OBJC_ARC = YES;
				CLANG_ENABLE_OBJC_WEAK = YES;
				CLANG_WARN_BLOCK_CAPTURE_AUTORELEASING = YES;
				CLANG_WARN_BOOL_CONVERSION = YES;
				CLANG_WARN_COMMA = YES;
				CLANG_WARN_CONSTANT_CONVERSION = YES;
				CLANG_WARN_DEPRECATED_OBJC_IMPLEMENTATIONS = YES;
				CLANG_WARN_DIRECT_OBJC_ISA_USAGE = YES_ERROR;
				CLANG_WARN_DOCUMENTATION_COMMENTS = YES;
				CLANG_WARN_EMPTY_BODY = YES;
				CLANG_WARN_ENUM_CONVERSION = YES;
				CLANG_WARN_INFINITE_RECURSION = YES;
				CLANG_WARN_INT_CONVERSION = YES;
				CLANG_WARN_NON_LITERAL_NULL_CONVERSION = YES;
				CLANG_WARN_OBJC_IMPLICIT_RETAIN_SELF = YES;
				CLANG_WARN_OBJC_LITERAL_CONVERSION = YES;
				CLANG_WARN_OBJC_ROOT_CLASS = YES_ERROR;
				CLANG_WARN_QUOTED_INCLUDE_IN_FRAMEWORK_HEADER = YES;
				CLANG_WARN_RANGE_LOOP_ANALYSIS = YES;
				CLANG_WARN_STRICT_PROTOTYPES = YES;
				CLANG_WARN_SUSPICIOUS_MOVE = YES;
				CLANG_WARN_UNGUARDED_AVAILABILITY = YES_AGGRESSIVE;
				CLANG_WARN_UNREACHABLE_CODE = YES;
				CLANG_WARN__DUPLICATE_METHOD_MATCH = YES;
				COPY_PHASE_STRIP = NO;
				DEBUG_INFORMATION_FORMAT = "dwarf-with-dsym";
				ENABLE_NS_ASSERTIONS = NO;
				ENABLE_STRICT_OBJC_MSGSEND = YES;
				ENABLE_USER_SCRIPT_SANDBOXING = YES;
				GCC_C_LANGUAGE_STANDARD = gnu17;
				GCC_NO_COMMON_BLOCKS = YES;
				GCC_WARN_64_TO_32_BIT_CONVERSION = YES;
				GCC_WARN_ABOUT_RETURN_TYPE = YES_ERROR;
				GCC_WARN_UNDECLARED_SELECTOR = YES;
				GCC_WARN_UNINITIALIZED_AUTOS = YES_AGGRESSIVE;
				GCC_WARN_UNUSED_FUNCTION = YES;
				GCC_WARN_UNUSED_VARIABLE = YES;
				IPHONEOS_DEPLOYMENT_TARGET = 17.2;
				LOCALIZATION_PREFERS_STRING_CATALOGS = YES;
				MTL_ENABLE_DEBUG_INFO = NO;
				MTL_FAST_MATH = YES;
				SDKROOT = iphoneos;
				SWIFT_COMPILATION_MODE = wholemodule;
				VALIDATE_PRODUCT = YES;
			};
			name = Release;
		};
		C3452D452BBC51E800BA21F7 /* Debug */ = {
			isa = XCBuildConfiguration;
			buildSettings = {
				ASSETCATALOG_COMPILER_APPICON_NAME = AppIcon;
				ASSETCATALOG_COMPILER_GLOBAL_ACCENT_COLOR_NAME = AccentColor;
				CODE_SIGN_STYLE = Automatic;
				CURRENT_PROJECT_VERSION = 1;
				GENERATE_INFOPLIST_FILE = YES;
				INFOPLIST_FILE = Basic_Thing/Info.plist;
				INFOPLIST_KEY_UIApplicationSupportsIndirectInputEvents = YES;
				INFOPLIST_KEY_UILaunchStoryboardName = LaunchScreen;
				INFOPLIST_KEY_UIMainStoryboardFile = Main;
				INFOPLIST_KEY_UISupportedInterfaceOrientations_iPad = "UIInterfaceOrientationPortrait UIInterfaceOrientationPortraitUpsideDown UIInterfaceOrientationLandscapeLeft UIInterfaceOrientationLandscapeRight";
				INFOPLIST_KEY_UISupportedInterfaceOrientations_iPhone = "UIInterfaceOrientationPortrait UIInterfaceOrientationLandscapeLeft UIInterfaceOrientationLandscapeRight";
				LD_RUNPATH_SEARCH_PATHS = (
					"$(inherited)",
					"@executable_path/Frameworks",
				);
				MARKETING_VERSION = 1.0;
				PRODUCT_BUNDLE_IDENTIFIER = "com.jy.lim.Basic-Thing";
				PRODUCT_NAME = "$(TARGET_NAME)";
				SWIFT_EMIT_LOC_STRINGS = YES;
				SWIFT_VERSION = 5.0;
				TARGETED_DEVICE_FAMILY = "1,2";
			};
			name = Debug;
		};
		C3452D462BBC51E800BA21F7 /* Release */ = {
			isa = XCBuildConfiguration;
			buildSettings = {
				ASSETCATALOG_COMPILER_APPICON_NAME = AppIcon;
				ASSETCATALOG_COMPILER_GLOBAL_ACCENT_COLOR_NAME = AccentColor;
				CODE_SIGN_STYLE = Automatic;
				CURRENT_PROJECT_VERSION = 1;
				GENERATE_INFOPLIST_FILE = YES;
				INFOPLIST_FILE = Basic_Thing/Info.plist;
				INFOPLIST_KEY_UIApplicationSupportsIndirectInputEvents = YES;
				INFOPLIST_KEY_UILaunchStoryboardName = LaunchScreen;
				INFOPLIST_KEY_UIMainStoryboardFile = Main;
				INFOPLIST_KEY_UISupportedInterfaceOrientations_iPad = "UIInterfaceOrientationPortrait UIInterfaceOrientationPortraitUpsideDown UIInterfaceOrientationLandscapeLeft UIInterfaceOrientationLandscapeRight";
				INFOPLIST_KEY_UISupportedInterfaceOrientations_iPhone = "UIInterfaceOrientationPortrait UIInterfaceOrientationLandscapeLeft UIInterfaceOrientationLandscapeRight";
				LD_RUNPATH_SEARCH_PATHS = (
					"$(inherited)",
					"@executable_path/Frameworks",
				);
				MARKETING_VERSION = 1.0;
				PRODUCT_BUNDLE_IDENTIFIER = "com.jy.lim.Basic-Thing";
				PRODUCT_NAME = "$(TARGET_NAME)";
				SWIFT_EMIT_LOC_STRINGS = YES;
				SWIFT_VERSION = 5.0;
				TARGETED_DEVICE_FAMILY = "1,2";
			};
			name = Release;
		};
		C3452D482BBC51E800BA21F7 /* Debug */ = {
			isa = XCBuildConfiguration;
			buildSettings = {
				ALWAYS_EMBED_SWIFT_STANDARD_LIBRARIES = YES;
				BUNDLE_LOADER = "$(TEST_HOST)";
				CODE_SIGN_STYLE = Automatic;
				CURRENT_PROJECT_VERSION = 1;
				GENERATE_INFOPLIST_FILE = YES;
				IPHONEOS_DEPLOYMENT_TARGET = 17.2;
				MARKETING_VERSION = 1.0;
				PRODUCT_BUNDLE_IDENTIFIER = "com.jy.lim.Basic-ThingTests";
				PRODUCT_NAME = "$(TARGET_NAME)";
				SWIFT_EMIT_LOC_STRINGS = NO;
				SWIFT_VERSION = 5.0;
				TARGETED_DEVICE_FAMILY = "1,2";
				TEST_HOST = "$(BUILT_PRODUCTS_DIR)/Basic_Thing.app/$(BUNDLE_EXECUTABLE_FOLDER_PATH)/Basic_Thing";
			};
			name = Debug;
		};
		C3452D492BBC51E800BA21F7 /* Release */ = {
			isa = XCBuildConfiguration;
			buildSettings = {
				ALWAYS_EMBED_SWIFT_STANDARD_LIBRARIES = YES;
				BUNDLE_LOADER = "$(TEST_HOST)";
				CODE_SIGN_STYLE = Automatic;
				CURRENT_PROJECT_VERSION = 1;
				GENERATE_INFOPLIST_FILE = YES;
				IPHONEOS_DEPLOYMENT_TARGET = 17.2;
				MARKETING_VERSION = 1.0;
				PRODUCT_BUNDLE_IDENTIFIER = "com.jy.lim.Basic-ThingTests";
				PRODUCT_NAME = "$(TARGET_NAME)";
				SWIFT_EMIT_LOC_STRINGS = NO;
				SWIFT_VERSION = 5.0;
				TARGETED_DEVICE_FAMILY = "1,2";
				TEST_HOST = "$(BUILT_PRODUCTS_DIR)/Basic_Thing.app/$(BUNDLE_EXECUTABLE_FOLDER_PATH)/Basic_Thing";
			};
			name = Release;
		};
		C3452D4B2BBC51E800BA21F7 /* Debug */ = {
			isa = XCBuildConfiguration;
			buildSettings = {
				ALWAYS_EMBED_SWIFT_STANDARD_LIBRARIES = YES;
				CODE_SIGN_STYLE = Automatic;
				CURRENT_PROJECT_VERSION = 1;
				GENERATE_INFOPLIST_FILE = YES;
				MARKETING_VERSION = 1.0;
				PRODUCT_BUNDLE_IDENTIFIER = "com.jy.lim.Basic-ThingUITests";
				PRODUCT_NAME = "$(TARGET_NAME)";
				SWIFT_EMIT_LOC_STRINGS = NO;
				SWIFT_VERSION = 5.0;
				TARGETED_DEVICE_FAMILY = "1,2";
				TEST_TARGET_NAME = Basic_Thing;
			};
			name = Debug;
		};
		C3452D4C2BBC51E800BA21F7 /* Release */ = {
			isa = XCBuildConfiguration;
			buildSettings = {
				ALWAYS_EMBED_SWIFT_STANDARD_LIBRARIES = YES;
				CODE_SIGN_STYLE = Automatic;
				CURRENT_PROJECT_VERSION = 1;
				GENERATE_INFOPLIST_FILE = YES;
				MARKETING_VERSION = 1.0;
				PRODUCT_BUNDLE_IDENTIFIER = "com.jy.lim.Basic-ThingUITests";
				PRODUCT_NAME = "$(TARGET_NAME)";
				SWIFT_EMIT_LOC_STRINGS = NO;
				SWIFT_VERSION = 5.0;
				TARGETED_DEVICE_FAMILY = "1,2";
				TEST_TARGET_NAME = Basic_Thing;
			};
			name = Release;
		};
/* End XCBuildConfiguration section */

/* Begin XCConfigurationList section */
		C3452D122BBC51E700BA21F7 /* Build configuration list for PBXProject "Basic_Thing" */ = {
			isa = XCConfigurationList;
			buildConfigurations = (
				C3452D422BBC51E800BA21F7 /* Debug */,
				C3452D432BBC51E800BA21F7 /* Release */,
			);
			defaultConfigurationIsVisible = 0;
			defaultConfigurationName = Release;
		};
		C3452D442BBC51E800BA21F7 /* Build configuration list for PBXNativeTarget "Basic_Thing" */ = {
			isa = XCConfigurationList;
			buildConfigurations = (
				C3452D452BBC51E800BA21F7 /* Debug */,
				C3452D462BBC51E800BA21F7 /* Release */,
			);
			defaultConfigurationIsVisible = 0;
			defaultConfigurationName = Release;
		};
		C3452D472BBC51E800BA21F7 /* Build configuration list for PBXNativeTarget "Basic_ThingTests" */ = {
			isa = XCConfigurationList;
			buildConfigurations = (
				C3452D482BBC51E800BA21F7 /* Debug */,
				C3452D492BBC51E800BA21F7 /* Release */,
			);
			defaultConfigurationIsVisible = 0;
			defaultConfigurationName = Release;
		};
		C3452D4A2BBC51E800BA21F7 /* Build configuration list for PBXNativeTarget "Basic_ThingUITests" */ = {
			isa = XCConfigurationList;
			buildConfigurations = (
				C3452D4B2BBC51E800BA21F7 /* Debug */,
				C3452D4C2BBC51E800BA21F7 /* Release */,
			);
			defaultConfigurationIsVisible = 0;
			defaultConfigurationName = Release;
		};
/* End XCConfigurationList section */

/* Begin XCVersionGroup section */
		C3452D232BBC51E700BA21F7 /* Basic_Thing.xcdatamodeld */ = {
			isa = XCVersionGroup;
			children = (
				C3452D242BBC51E700BA21F7 /* Basic_Thing.xcdatamodel */,
			);
			currentVersion = C3452D242BBC51E700BA21F7 /* Basic_Thing.xcdatamodel */;
			path = Basic_Thing.xcdatamodeld;
			sourceTree = "<group>";
			versionGroupType = wrapper.xcdatamodel;
		};
/* End XCVersionGroup section */
	};
	rootObject = C3452D0F2BBC51E700BA21F7 /* Project object */;
}
